
Microsoft Visual Studio Solution File, Format Version 12.00
# Visual Studio Version 17
VisualStudioVersion = 17.0.31717.71
MinimumVisualStudioVersion = 10.0.40219.1
Project("{F2A71F9B-5D33-465A-A702-920D77279786}") = "Helix.Fun", "Helix.Fun\Helix.Fun.fsproj", "{291099CA-0C83-4C0E-94E5-C46B18B47CE6}"
EndProject
Project("{FAE04EC0-301F-11D3-BF4B-00C04F79EFBC}") = "Helix", "Helix\Helix.csproj", "{C9834839-6432-427D-88A1-858BCE73BCD2}"
EndProject
Project("{F2A71F9B-5D33-465A-A702-920D77279786}") = "SerializationTest", "SerializationTest\SerializationTest.fsproj", "{B49C356E-54AC-40C2-8B0D-10C0BDF844CD}"
EndProject
Global
	GlobalSection(SolutionConfigurationPlatforms) = preSolution
		Debug|Any CPU = Debug|Any CPU
		Release|Any CPU = Release|Any CPU
	EndGlobalSection
	GlobalSection(ProjectConfigurationPlatforms) = postSolution
		{291099CA-0C83-4C0E-94E5-C46B18B47CE6}.Debug|Any CPU.ActiveCfg = Debug|Any CPU
		{291099CA-0C83-4C0E-94E5-C46B18B47CE6}.Debug|Any CPU.Build.0 = Debug|Any CPU
		{291099CA-0C83-4C0E-94E5-C46B18B47CE6}.Release|Any CPU.ActiveCfg = Release|Any CPU
		{291099CA-0C83-4C0E-94E5-C46B18B47CE6}.Release|Any CPU.Build.0 = Release|Any CPU
		{C9834839-6432-427D-88A1-858BCE73BCD2}.Debug|Any CPU.ActiveCfg = Debug|Any CPU
		{C9834839-6432-427D-88A1-858BCE73BCD2}.Debug|Any CPU.Build.0 = Debug|Any CPU
		{C9834839-6432-427D-88A1-858BCE73BCD2}.Release|Any CPU.ActiveCfg = Release|Any CPU
		{C9834839-6432-427D-88A1-858BCE73BCD2}.Release|Any CPU.Build.0 = Release|Any CPU
		{B49C356E-54AC-40C2-8B0D-10C0BDF844CD}.Debug|Any CPU.ActiveCfg = Debug|Any CPU
		{B49C356E-54AC-40C2-8B0D-10C0BDF844CD}.Debug|Any CPU.Build.0 = Debug|Any CPU
		{B49C356E-54AC-40C2-8B0D-10C0BDF844CD}.Release|Any CPU.ActiveCfg = Release|Any CPU
		{B49C356E-54AC-40C2-8B0D-10C0BDF844CD}.Release|Any CPU.Build.0 = Release|Any CPU
	EndGlobalSection
	GlobalSection(SolutionProperties) = preSolution
		HideSolutionNode = FALSE
	EndGlobalSection
	GlobalSection(ExtensibilityGlobals) = postSolution
		SolutionGuid = {671C1701-3755-40B3-B995-8AA9D777195C}
	EndGlobalSection
EndGlobal
